
Microsoft Visual Studio Solution File, Format Version 12.00
# Visual Studio 15
VisualStudioVersion = 15.0.28307.106
MinimumVisualStudioVersion = 10.0.40219.1
Project("{FAE04EC0-301F-11D3-BF4B-00C04F79EFBC}") = "RMSquareConsole", "RMSquareConsole\RMSquareConsole.csproj", "{422D6EF1-2E4A-4DD4-8000-7CE082DC490B}"
EndProject
Global
	GlobalSection(SolutionConfigurationPlatforms) = preSolution
		Debug|Any CPU = Debug|Any CPU
		Release|Any CPU = Release|Any CPU
	EndGlobalSection
	GlobalSection(ProjectConfigurationPlatforms) = postSolution
		{422D6EF1-2E4A-4DD4-8000-7CE082DC490B}.Debug|Any CPU.ActiveCfg = Debug|Any CPU
		{422D6EF1-2E4A-4DD4-8000-7CE082DC490B}.Debug|Any CPU.Build.0 = Debug|Any CPU
		{422D6EF1-2E4A-4DD4-8000-7CE082DC490B}.Release|Any CPU.ActiveCfg = Release|Any CPU
		{422D6EF1-2E4A-4DD4-8000-7CE082DC490B}.Release|Any CPU.Build.0 = Release|Any CPU
	EndGlobalSection
	GlobalSection(SolutionProperties) = preSolution
		HideSolutionNode = FALSE
	EndGlobalSection
	GlobalSection(ExtensibilityGlobals) = postSolution
		SolutionGuid = {B1B0A0C4-3AF7-4323-BD9D-9DD67FF0617A}
	EndGlobalSection
EndGlobal
